// !$*UTF8*$!
{
	archiveVersion = 1;
	classes = {
	};
	objectVersion = 56;
	objects = {

/* Begin PBXBuildFile section */
		1202F74F29B427B900D90A85 /* MenuBarView.swift in Sources */ = {isa = PBXBuildFile; fileRef = 1202F74729B427B800D90A85 /* MenuBarView.swift */; platformFilters = (macos, ); };
		1202F75029B427B900D90A85 /* SettingsView.swift in Sources */ = {isa = PBXBuildFile; fileRef = 1202F74829B427B800D90A85 /* SettingsView.swift */; };
		1202F75129B427B900D90A85 /* CalendarView.swift in Sources */ = {isa = PBXBuildFile; fileRef = 1202F74929B427B800D90A85 /* CalendarView.swift */; };
		1202F75229B427B900D90A85 /* SetupView.swift in Sources */ = {isa = PBXBuildFile; fileRef = 1202F74A29B427B800D90A85 /* SetupView.swift */; };
		1202F75329B427B900D90A85 /* Preview Content in Resources */ = {isa = PBXBuildFile; fileRef = 1202F74B29B427B900D90A85 /* Preview Content */; };
		1202F75429B427B900D90A85 /* SidebarView.swift in Sources */ = {isa = PBXBuildFile; fileRef = 1202F74C29B427B900D90A85 /* SidebarView.swift */; platformFilters = (macos, ); };
		1202F75529B427B900D90A85 /* Credits.rtf in Resources */ = {isa = PBXBuildFile; fileRef = 1202F74D29B427B900D90A85 /* Credits.rtf */; };
		121E3D662C5733F60051F980 /* Routines.swift in Sources */ = {isa = PBXBuildFile; fileRef = 121E3D652C5733F60051F980 /* Routines.swift */; };
		122EA79F2A73C8460079E455 /* Extensions.swift in Sources */ = {isa = PBXBuildFile; fileRef = 122EA79E2A73C8460079E455 /* Extensions.swift */; };
		1230F9AF2ABDCA4200A70CF3 /* SwiftUIIntrospect in Frameworks */ = {isa = PBXBuildFile; productRef = 1230F9AE2ABDCA4200A70CF3 /* SwiftUIIntrospect */; };
		124A7F3B2A5440D500A3317F /* TasksView.swift in Sources */ = {isa = PBXBuildFile; fileRef = 124A7F3A2A5440D500A3317F /* TasksView.swift */; };
		12578EE32BB566F900180804 /* Home.swift in Sources */ = {isa = PBXBuildFile; fileRef = 12578EE22BB566F900180804 /* Home.swift */; };
		125CA5622B4029EC003646AB /* Onboard.swift in Sources */ = {isa = PBXBuildFile; fileRef = 125CA5612B4029EC003646AB /* Onboard.swift */; };
		127778CE2CA1A63900B7FA36 /* Structs.swift in Sources */ = {isa = PBXBuildFile; fileRef = 127778CD2CA1A63100B7FA36 /* Structs.swift */; };
		129833C629B424D500D746DC /* SchedulerApp.swift in Sources */ = {isa = PBXBuildFile; fileRef = 129833C529B424D500D746DC /* SchedulerApp.swift */; };
		129833C829B424D500D746DC /* ContentView.swift in Sources */ = {isa = PBXBuildFile; fileRef = 129833C729B424D500D746DC /* ContentView.swift */; };
		129833CA29B424D600D746DC /* Assets.xcassets in Resources */ = {isa = PBXBuildFile; fileRef = 129833C929B424D600D746DC /* Assets.xcassets */; };
		129833CE29B424D600D746DC /* Preview Assets.xcassets in Resources */ = {isa = PBXBuildFile; fileRef = 129833CD29B424D600D746DC /* Preview Assets.xcassets */; };
		12C9EA9A2B2EAD6D00EBED33 /* TeacherTools.swift in Sources */ = {isa = PBXBuildFile; fileRef = 12C9EA992B2EAD6D00EBED33 /* TeacherTools.swift */; };
		12D5A2C22A55C91F002F1271 /* CHANGELOG.md in Resources */ = {isa = PBXBuildFile; fileRef = 12D5A2C12A55C91F002F1271 /* CHANGELOG.md */; };
		12E2A1462A890C75003F76FF /* NotesView.swift in Sources */ = {isa = PBXBuildFile; fileRef = 12E2A1452A890C75003F76FF /* NotesView.swift */; };
		12FA80602ABFE719004B5787 /* SwiftUIIntrospect in Frameworks */ = {isa = PBXBuildFile; productRef = 12FA805F2ABFE719004B5787 /* SwiftUIIntrospect */; };
/* End PBXBuildFile section */

/* Begin PBXCopyFilesBuildPhase section */
		125F70FC2C5B7EBB00AA6F1A /* Embed Foundation Extensions */ = {
			isa = PBXCopyFilesBuildPhase;
			buildActionMask = 2147483647;
			dstPath = "";
			dstSubfolderSpec = 13;
			files = (
			);
			name = "Embed Foundation Extensions";
			runOnlyForDeploymentPostprocessing = 0;
		};
/* End PBXCopyFilesBuildPhase section */

/* Begin PBXFileReference section */
		1202F74729B427B800D90A85 /* MenuBarView.swift */ = {isa = PBXFileReference; fileEncoding = 4; lastKnownFileType = sourcecode.swift; path = MenuBarView.swift; sourceTree = "<group>"; };
		1202F74829B427B800D90A85 /* SettingsView.swift */ = {isa = PBXFileReference; fileEncoding = 4; lastKnownFileType = sourcecode.swift; path = SettingsView.swift; sourceTree = "<group>"; };
		1202F74929B427B800D90A85 /* CalendarView.swift */ = {isa = PBXFileReference; fileEncoding = 4; lastKnownFileType = sourcecode.swift; path = CalendarView.swift; sourceTree = "<group>"; };
		1202F74A29B427B800D90A85 /* SetupView.swift */ = {isa = PBXFileReference; fileEncoding = 4; lastKnownFileType = sourcecode.swift; path = SetupView.swift; sourceTree = "<group>"; };
		1202F74B29B427B900D90A85 /* Preview Content */ = {isa = PBXFileReference; lastKnownFileType = folder; path = "Preview Content"; sourceTree = "<group>"; };
		1202F74C29B427B900D90A85 /* SidebarView.swift */ = {isa = PBXFileReference; fileEncoding = 4; lastKnownFileType = sourcecode.swift; path = SidebarView.swift; sourceTree = "<group>"; };
		1202F74D29B427B900D90A85 /* Credits.rtf */ = {isa = PBXFileReference; fileEncoding = 4; lastKnownFileType = text.rtf; path = Credits.rtf; sourceTree = "<group>"; };
		121E3D652C5733F60051F980 /* Routines.swift */ = {isa = PBXFileReference; lastKnownFileType = sourcecode.swift; path = Routines.swift; sourceTree = "<group>"; };
		122EA79E2A73C8460079E455 /* Extensions.swift */ = {isa = PBXFileReference; lastKnownFileType = sourcecode.swift; path = Extensions.swift; sourceTree = "<group>"; };
		1232A6AB2CDE1C8700E215D2 /* SchedulerMacOS.entitlements */ = {isa = PBXFileReference; lastKnownFileType = text.plist.entitlements; path = SchedulerMacOS.entitlements; sourceTree = "<group>"; };
		1232A6AC2CDE1C8C00E215D2 /* Scheduler.entitlements */ = {isa = PBXFileReference; lastKnownFileType = text.plist.entitlements; path = Scheduler.entitlements; sourceTree = "<group>"; };
		124A7F3A2A5440D500A3317F /* TasksView.swift */ = {isa = PBXFileReference; lastKnownFileType = sourcecode.swift; path = TasksView.swift; sourceTree = "<group>"; };
		12578EE12BAC0EBE00180804 /* SchedulerRelease.entitlements */ = {isa = PBXFileReference; lastKnownFileType = text.plist.entitlements; path = SchedulerRelease.entitlements; sourceTree = "<group>"; };
		12578EE22BB566F900180804 /* Home.swift */ = {isa = PBXFileReference; lastKnownFileType = sourcecode.swift; path = Home.swift; sourceTree = "<group>"; };
		125CA5612B4029EC003646AB /* Onboard.swift */ = {isa = PBXFileReference; lastKnownFileType = sourcecode.swift; path = Onboard.swift; sourceTree = "<group>"; };
		125F71772C5B8A7800AA6F1A /* SchedulerWidgetBundle.swift */ = {isa = PBXFileReference; lastKnownFileType = sourcecode.swift; path = SchedulerWidgetBundle.swift; sourceTree = "<group>"; };
		125F717B2C5B8A7800AA6F1A /* SchedulerWidget.swift */ = {isa = PBXFileReference; lastKnownFileType = sourcecode.swift; path = SchedulerWidget.swift; sourceTree = "<group>"; };
		125F717D2C5B8A7800AA6F1A /* AppIntent.swift */ = {isa = PBXFileReference; lastKnownFileType = sourcecode.swift; path = AppIntent.swift; sourceTree = "<group>"; };
		125F717F2C5B8A7900AA6F1A /* Assets.xcassets */ = {isa = PBXFileReference; lastKnownFileType = folder.assetcatalog; path = Assets.xcassets; sourceTree = "<group>"; };
		125F71812C5B8A7900AA6F1A /* Info.plist */ = {isa = PBXFileReference; lastKnownFileType = text.plist.xml; path = Info.plist; sourceTree = "<group>"; };
		125F71882C5B8D5D00AA6F1A /* SchedulerWidgetExtension.entitlements */ = {isa = PBXFileReference; lastKnownFileType = text.plist.entitlements; path = SchedulerWidgetExtension.entitlements; sourceTree = "<group>"; };
		1276B8DB2BD27BA6000985AD /* Scheduler_WatchApp.swift */ = {isa = PBXFileReference; lastKnownFileType = sourcecode.swift; path = Scheduler_WatchApp.swift; sourceTree = "<group>"; };
		1276B8DD2BD27BA6000985AD /* ContentView.swift */ = {isa = PBXFileReference; lastKnownFileType = sourcecode.swift; path = ContentView.swift; sourceTree = "<group>"; };
		1276B8DF2BD27BA7000985AD /* Assets.xcassets */ = {isa = PBXFileReference; lastKnownFileType = folder.assetcatalog; path = Assets.xcassets; sourceTree = "<group>"; };
		1276B8E22BD27BA7000985AD /* Preview Assets.xcassets */ = {isa = PBXFileReference; lastKnownFileType = folder.assetcatalog; path = "Preview Assets.xcassets"; sourceTree = "<group>"; };
		1276B8EB2BD27C94000985AD /* WatchConnectivity.framework */ = {isa = PBXFileReference; lastKnownFileType = wrapper.framework; name = WatchConnectivity.framework; path = Platforms/iPhoneOS.platform/Developer/SDKs/iPhoneOS17.4.sdk/System/Library/Frameworks/WatchConnectivity.framework; sourceTree = DEVELOPER_DIR; };
		127778CD2CA1A63100B7FA36 /* Structs.swift */ = {isa = PBXFileReference; lastKnownFileType = sourcecode.swift; path = Structs.swift; sourceTree = "<group>"; };
		129833C229B424D500D746DC /* Scheduler.app */ = {isa = PBXFileReference; explicitFileType = wrapper.application; includeInIndex = 0; path = Scheduler.app; sourceTree = BUILT_PRODUCTS_DIR; };
		129833C529B424D500D746DC /* SchedulerApp.swift */ = {isa = PBXFileReference; lastKnownFileType = sourcecode.swift; path = SchedulerApp.swift; sourceTree = "<group>"; };
		129833C729B424D500D746DC /* ContentView.swift */ = {isa = PBXFileReference; lastKnownFileType = sourcecode.swift; path = ContentView.swift; sourceTree = "<group>"; };
		129833C929B424D600D746DC /* Assets.xcassets */ = {isa = PBXFileReference; lastKnownFileType = folder.assetcatalog; path = Assets.xcassets; sourceTree = "<group>"; };
		129833CB29B424D600D746DC /* Scheduler.entitlements */ = {isa = PBXFileReference; lastKnownFileType = text.plist.entitlements; path = Scheduler.entitlements; sourceTree = "<group>"; };
		129833CD29B424D600D746DC /* Preview Assets.xcassets */ = {isa = PBXFileReference; lastKnownFileType = folder.assetcatalog; path = "Preview Assets.xcassets"; sourceTree = "<group>"; };
		12ADC76E2A358B1200CE6EB2 /* WidgetKit.framework */ = {isa = PBXFileReference; lastKnownFileType = wrapper.framework; name = WidgetKit.framework; path = System/Library/Frameworks/WidgetKit.framework; sourceTree = SDKROOT; };
		12ADC7702A358B1200CE6EB2 /* SwiftUI.framework */ = {isa = PBXFileReference; lastKnownFileType = wrapper.framework; name = SwiftUI.framework; path = System/Library/Frameworks/SwiftUI.framework; sourceTree = SDKROOT; };
		12C9EA992B2EAD6D00EBED33 /* TeacherTools.swift */ = {isa = PBXFileReference; lastKnownFileType = sourcecode.swift; path = TeacherTools.swift; sourceTree = "<group>"; };
		12D018D42BC7EEC900D453FE /* Info.plist */ = {isa = PBXFileReference; lastKnownFileType = text.plist; path = Info.plist; sourceTree = "<group>"; };
		12D5A2C12A55C91F002F1271 /* CHANGELOG.md */ = {isa = PBXFileReference; fileEncoding = 4; lastKnownFileType = net.daringfireball.markdown; path = CHANGELOG.md; sourceTree = "<group>"; };
		12E2A1452A890C75003F76FF /* NotesView.swift */ = {isa = PBXFileReference; lastKnownFileType = sourcecode.swift; path = NotesView.swift; sourceTree = "<group>"; };
/* End PBXFileReference section */

/* Begin PBXFrameworksBuildPhase section */
		129833BF29B424D500D746DC /* Frameworks */ = {
			isa = PBXFrameworksBuildPhase;
			buildActionMask = 2147483647;
			files = (
				12FA80602ABFE719004B5787 /* SwiftUIIntrospect in Frameworks */,
				1230F9AF2ABDCA4200A70CF3 /* SwiftUIIntrospect in Frameworks */,
			);
			runOnlyForDeploymentPostprocessing = 0;
		};
/* End PBXFrameworksBuildPhase section */

/* Begin PBXGroup section */
		125F71762C5B8A7800AA6F1A /* SchedulerWidget */ = {
			isa = PBXGroup;
			children = (
				1232A6AC2CDE1C8C00E215D2 /* Scheduler.entitlements */,
				1232A6AB2CDE1C8700E215D2 /* SchedulerMacOS.entitlements */,
				125F71772C5B8A7800AA6F1A /* SchedulerWidgetBundle.swift */,
				125F717B2C5B8A7800AA6F1A /* SchedulerWidget.swift */,
				125F717D2C5B8A7800AA6F1A /* AppIntent.swift */,
				125F717F2C5B8A7900AA6F1A /* Assets.xcassets */,
				125F71812C5B8A7900AA6F1A /* Info.plist */,
			);
			path = SchedulerWidget;
			sourceTree = "<group>";
		};
		1276B8DA2BD27BA6000985AD /* Scheduler Watch Watch App */ = {
			isa = PBXGroup;
			children = (
				1276B8DB2BD27BA6000985AD /* Scheduler_WatchApp.swift */,
				1276B8DD2BD27BA6000985AD /* ContentView.swift */,
				1276B8DF2BD27BA7000985AD /* Assets.xcassets */,
				1276B8E12BD27BA7000985AD /* Preview Content */,
			);
			path = "Scheduler Watch Watch App";
			sourceTree = "<group>";
		};
		1276B8E12BD27BA7000985AD /* Preview Content */ = {
			isa = PBXGroup;
			children = (
				1276B8E22BD27BA7000985AD /* Preview Assets.xcassets */,
			);
			path = "Preview Content";
			sourceTree = "<group>";
		};
		129833B929B424D500D746DC = {
			isa = PBXGroup;
			children = (
				125F71882C5B8D5D00AA6F1A /* SchedulerWidgetExtension.entitlements */,
				129833C429B424D500D746DC /* Scheduler */,
				1276B8DA2BD27BA6000985AD /* Scheduler Watch Watch App */,
				125F71762C5B8A7800AA6F1A /* SchedulerWidget */,
				12ADC76D2A358B1200CE6EB2 /* Frameworks */,
				129833C329B424D500D746DC /* Products */,
			);
			sourceTree = "<group>";
		};
		129833C329B424D500D746DC /* Products */ = {
			isa = PBXGroup;
			children = (
				129833C229B424D500D746DC /* Scheduler.app */,
			);
			name = Products;
			sourceTree = "<group>";
		};
		129833C429B424D500D746DC /* Scheduler */ = {
			isa = PBXGroup;
			children = (
				12578EE12BAC0EBE00180804 /* SchedulerRelease.entitlements */,
				129833CB29B424D600D746DC /* Scheduler.entitlements */,
				12D018D42BC7EEC900D453FE /* Info.plist */,
				12D5A2C12A55C91F002F1271 /* CHANGELOG.md */,
				121E3D652C5733F60051F980 /* Routines.swift */,
				129833C529B424D500D746DC /* SchedulerApp.swift */,
				127778CD2CA1A63100B7FA36 /* Structs.swift */,
				1202F74C29B427B900D90A85 /* SidebarView.swift */,
				12E2A1452A890C75003F76FF /* NotesView.swift */,
				129833C729B424D500D746DC /* ContentView.swift */,
				12578EE22BB566F900180804 /* Home.swift */,
				122EA79E2A73C8460079E455 /* Extensions.swift */,
				1202F74A29B427B800D90A85 /* SetupView.swift */,
				125CA5612B4029EC003646AB /* Onboard.swift */,
				1202F74929B427B800D90A85 /* CalendarView.swift */,
				12C9EA992B2EAD6D00EBED33 /* TeacherTools.swift */,
				124A7F3A2A5440D500A3317F /* TasksView.swift */,
				1202F74829B427B800D90A85 /* SettingsView.swift */,
				1202F74729B427B800D90A85 /* MenuBarView.swift */,
				1202F74D29B427B900D90A85 /* Credits.rtf */,
				1202F74B29B427B900D90A85 /* Preview Content */,
				129833C929B424D600D746DC /* Assets.xcassets */,
				129833CC29B424D600D746DC /* Preview Content */,
			);
			path = Scheduler;
			sourceTree = "<group>";
		};
		129833CC29B424D600D746DC /* Preview Content */ = {
			isa = PBXGroup;
			children = (
				129833CD29B424D600D746DC /* Preview Assets.xcassets */,
			);
			path = "Preview Content";
			sourceTree = "<group>";
		};
		12ADC76D2A358B1200CE6EB2 /* Frameworks */ = {
			isa = PBXGroup;
			children = (
				1276B8EB2BD27C94000985AD /* WatchConnectivity.framework */,
				12ADC76E2A358B1200CE6EB2 /* WidgetKit.framework */,
				12ADC7702A358B1200CE6EB2 /* SwiftUI.framework */,
			);
			name = Frameworks;
			sourceTree = "<group>";
		};
/* End PBXGroup section */

/* Begin PBXNativeTarget section */
		129833C129B424D500D746DC /* Scheduler */ = {
			isa = PBXNativeTarget;
			buildConfigurationList = 129833E729B424D600D746DC /* Build configuration list for PBXNativeTarget "Scheduler" */;
			buildPhases = (
				129833BE29B424D500D746DC /* Sources */,
				129833BF29B424D500D746DC /* Frameworks */,
				129833C029B424D500D746DC /* Resources */,
				125F70FC2C5B7EBB00AA6F1A /* Embed Foundation Extensions */,
			);
			buildRules = (
			);
			dependencies = (
			);
			name = Scheduler;
			packageProductDependencies = (
				1230F9AE2ABDCA4200A70CF3 /* SwiftUIIntrospect */,
				12FA805F2ABFE719004B5787 /* SwiftUIIntrospect */,
			);
			productName = Scheduler;
			productReference = 129833C229B424D500D746DC /* Scheduler.app */;
			productType = "com.apple.product-type.application";
		};
/* End PBXNativeTarget section */

/* Begin PBXProject section */
		129833BA29B424D500D746DC /* Project object */ = {
			isa = PBXProject;
			attributes = {
				BuildIndependentTargetsInParallel = 1;
				LastSwiftUpdateCheck = 1540;
				LastUpgradeCheck = 1600;
				TargetAttributes = {
					129833C129B424D500D746DC = {
						CreatedOnToolsVersion = 14.2;
					};
				};
			};
			buildConfigurationList = 129833BD29B424D500D746DC /* Build configuration list for PBXProject "Scheduler" */;
			compatibilityVersion = "Xcode 14.0";
			developmentRegion = en;
			hasScannedForEncodings = 0;
			knownRegions = (
				en,
				Base,
			);
			mainGroup = 129833B929B424D500D746DC;
			packageReferences = (
				12FA805E2ABFE719004B5787 /* XCRemoteSwiftPackageReference "swiftui-introspect" */,
			);
			productRefGroup = 129833C329B424D500D746DC /* Products */;
			projectDirPath = "";
			projectRoot = "";
			targets = (
				129833C129B424D500D746DC /* Scheduler */,
			);
		};
/* End PBXProject section */

/* Begin PBXResourcesBuildPhase section */
		129833C029B424D500D746DC /* Resources */ = {
			isa = PBXResourcesBuildPhase;
			buildActionMask = 2147483647;
			files = (
				1202F75329B427B900D90A85 /* Preview Content in Resources */,
				129833CE29B424D600D746DC /* Preview Assets.xcassets in Resources */,
				129833CA29B424D600D746DC /* Assets.xcassets in Resources */,
				1202F75529B427B900D90A85 /* Credits.rtf in Resources */,
				12D5A2C22A55C91F002F1271 /* CHANGELOG.md in Resources */,
			);
			runOnlyForDeploymentPostprocessing = 0;
		};
/* End PBXResourcesBuildPhase section */

/* Begin PBXSourcesBuildPhase section */
		129833BE29B424D500D746DC /* Sources */ = {
			isa = PBXSourcesBuildPhase;
			buildActionMask = 2147483647;
			files = (
				1202F75129B427B900D90A85 /* CalendarView.swift in Sources */,
				122EA79F2A73C8460079E455 /* Extensions.swift in Sources */,
				12E2A1462A890C75003F76FF /* NotesView.swift in Sources */,
				1202F74F29B427B900D90A85 /* MenuBarView.swift in Sources */,
				1202F75429B427B900D90A85 /* SidebarView.swift in Sources */,
				12C9EA9A2B2EAD6D00EBED33 /* TeacherTools.swift in Sources */,
				12578EE32BB566F900180804 /* Home.swift in Sources */,
				124A7F3B2A5440D500A3317F /* TasksView.swift in Sources */,
				1202F75029B427B900D90A85 /* SettingsView.swift in Sources */,
				129833C829B424D500D746DC /* ContentView.swift in Sources */,
				125CA5622B4029EC003646AB /* Onboard.swift in Sources */,
				1202F75229B427B900D90A85 /* SetupView.swift in Sources */,
				127778CE2CA1A63900B7FA36 /* Structs.swift in Sources */,
				121E3D662C5733F60051F980 /* Routines.swift in Sources */,
				129833C629B424D500D746DC /* SchedulerApp.swift in Sources */,
			);
			runOnlyForDeploymentPostprocessing = 0;
		};
/* End PBXSourcesBuildPhase section */

/* Begin XCBuildConfiguration section */
		129833E529B424D600D746DC /* Debug */ = {
			isa = XCBuildConfiguration;
			buildSettings = {
				ALLOW_TARGET_PLATFORM_SPECIALIZATION = YES;
				ALWAYS_SEARCH_USER_PATHS = NO;
				ASSETCATALOG_COMPILER_GENERATE_SWIFT_ASSET_SYMBOL_EXTENSIONS = YES;
				CLANG_ANALYZER_NONNULL = YES;
				CLANG_ANALYZER_NUMBER_OBJECT_CONVERSION = YES_AGGRESSIVE;
				CLANG_CXX_LANGUAGE_STANDARD = "gnu++20";
				CLANG_ENABLE_MODULES = YES;
				CLANG_ENABLE_OBJC_ARC = YES;
				CLANG_ENABLE_OBJC_WEAK = YES;
				CLANG_WARN_BLOCK_CAPTURE_AUTORELEASING = YES;
				CLANG_WARN_BOOL_CONVERSION = YES;
				CLANG_WARN_COMMA = YES;
				CLANG_WARN_CONSTANT_CONVERSION = YES;
				CLANG_WARN_DEPRECATED_OBJC_IMPLEMENTATIONS = YES;
				CLANG_WARN_DIRECT_OBJC_ISA_USAGE = YES_ERROR;
				CLANG_WARN_DOCUMENTATION_COMMENTS = YES;
				CLANG_WARN_EMPTY_BODY = YES;
				CLANG_WARN_ENUM_CONVERSION = YES;
				CLANG_WARN_INFINITE_RECURSION = YES;
				CLANG_WARN_INT_CONVERSION = YES;
				CLANG_WARN_NON_LITERAL_NULL_CONVERSION = YES;
				CLANG_WARN_OBJC_IMPLICIT_RETAIN_SELF = YES;
				CLANG_WARN_OBJC_LITERAL_CONVERSION = YES;
				CLANG_WARN_OBJC_ROOT_CLASS = YES_ERROR;
				CLANG_WARN_QUOTED_INCLUDE_IN_FRAMEWORK_HEADER = YES;
				CLANG_WARN_RANGE_LOOP_ANALYSIS = YES;
				CLANG_WARN_STRICT_PROTOTYPES = YES;
				CLANG_WARN_SUSPICIOUS_MOVE = YES;
				CLANG_WARN_UNGUARDED_AVAILABILITY = YES_AGGRESSIVE;
				CLANG_WARN_UNREACHABLE_CODE = YES;
				CLANG_WARN__DUPLICATE_METHOD_MATCH = YES;
				COPY_PHASE_STRIP = NO;
				DEAD_CODE_STRIPPING = YES;
				DEBUG_INFORMATION_FORMAT = dwarf;
				ENABLE_STRICT_OBJC_MSGSEND = YES;
				ENABLE_TESTABILITY = YES;
				ENABLE_USER_SCRIPT_SANDBOXING = YES;
				GCC_C_LANGUAGE_STANDARD = gnu11;
				GCC_DYNAMIC_NO_PIC = NO;
				GCC_NO_COMMON_BLOCKS = YES;
				GCC_OPTIMIZATION_LEVEL = 0;
				GCC_PREPROCESSOR_DEFINITIONS = (
					"DEBUG=1",
					"$(inherited)",
				);
				GCC_WARN_64_TO_32_BIT_CONVERSION = YES;
				GCC_WARN_ABOUT_RETURN_TYPE = YES_ERROR;
				GCC_WARN_UNDECLARED_SELECTOR = YES;
				GCC_WARN_UNINITIALIZED_AUTOS = YES_AGGRESSIVE;
				GCC_WARN_UNUSED_FUNCTION = YES;
				GCC_WARN_UNUSED_VARIABLE = YES;
				IPHONEOS_DEPLOYMENT_TARGET = 17.0;
				MACOSX_DEPLOYMENT_TARGET = 14.0;
				MTL_ENABLE_DEBUG_INFO = INCLUDE_SOURCE;
				MTL_FAST_MATH = YES;
				ONLY_ACTIVE_ARCH = YES;
				SUPPORTED_PLATFORMS = macosx;
				SUPPORTS_MACCATALYST = YES;
				SWIFT_ACTIVE_COMPILATION_CONDITIONS = DEBUG;
				SWIFT_OPTIMIZATION_LEVEL = "-Onone";
				XROS_DEPLOYMENT_TARGET = 1.0;
			};
			name = Debug;
		};
		129833E629B424D600D746DC /* Release */ = {
			isa = XCBuildConfiguration;
			buildSettings = {
				ALLOW_TARGET_PLATFORM_SPECIALIZATION = YES;
				ALWAYS_SEARCH_USER_PATHS = NO;
				ASSETCATALOG_COMPILER_GENERATE_SWIFT_ASSET_SYMBOL_EXTENSIONS = YES;
				CLANG_ANALYZER_NONNULL = YES;
				CLANG_ANALYZER_NUMBER_OBJECT_CONVERSION = YES_AGGRESSIVE;
				CLANG_CXX_LANGUAGE_STANDARD = "gnu++20";
				CLANG_ENABLE_MODULES = YES;
				CLANG_ENABLE_OBJC_ARC = YES;
				CLANG_ENABLE_OBJC_WEAK = YES;
				CLANG_WARN_BLOCK_CAPTURE_AUTORELEASING = YES;
				CLANG_WARN_BOOL_CONVERSION = YES;
				CLANG_WARN_COMMA = YES;
				CLANG_WARN_CONSTANT_CONVERSION = YES;
				CLANG_WARN_DEPRECATED_OBJC_IMPLEMENTATIONS = YES;
				CLANG_WARN_DIRECT_OBJC_ISA_USAGE = YES_ERROR;
				CLANG_WARN_DOCUMENTATION_COMMENTS = YES;
				CLANG_WARN_EMPTY_BODY = YES;
				CLANG_WARN_ENUM_CONVERSION = YES;
				CLANG_WARN_INFINITE_RECURSION = YES;
				CLANG_WARN_INT_CONVERSION = YES;
				CLANG_WARN_NON_LITERAL_NULL_CONVERSION = YES;
				CLANG_WARN_OBJC_IMPLICIT_RETAIN_SELF = YES;
				CLANG_WARN_OBJC_LITERAL_CONVERSION = YES;
				CLANG_WARN_OBJC_ROOT_CLASS = YES_ERROR;
				CLANG_WARN_QUOTED_INCLUDE_IN_FRAMEWORK_HEADER = YES;
				CLANG_WARN_RANGE_LOOP_ANALYSIS = YES;
				CLANG_WARN_STRICT_PROTOTYPES = YES;
				CLANG_WARN_SUSPICIOUS_MOVE = YES;
				CLANG_WARN_UNGUARDED_AVAILABILITY = YES_AGGRESSIVE;
				CLANG_WARN_UNREACHABLE_CODE = YES;
				CLANG_WARN__DUPLICATE_METHOD_MATCH = YES;
				COPY_PHASE_STRIP = NO;
				DEAD_CODE_STRIPPING = YES;
				DEBUG_INFORMATION_FORMAT = "dwarf-with-dsym";
				ENABLE_NS_ASSERTIONS = NO;
				ENABLE_STRICT_OBJC_MSGSEND = YES;
				ENABLE_USER_SCRIPT_SANDBOXING = YES;
				GCC_C_LANGUAGE_STANDARD = gnu11;
				GCC_NO_COMMON_BLOCKS = YES;
				GCC_WARN_64_TO_32_BIT_CONVERSION = YES;
				GCC_WARN_ABOUT_RETURN_TYPE = YES_ERROR;
				GCC_WARN_UNDECLARED_SELECTOR = YES;
				GCC_WARN_UNINITIALIZED_AUTOS = YES_AGGRESSIVE;
				GCC_WARN_UNUSED_FUNCTION = YES;
				GCC_WARN_UNUSED_VARIABLE = YES;
				"INFOPLIST_KEY_NSHumanReadableCopyright[sdk=*]" = "Copyright © 2024 James Chang.\\nAll Rights Reserved";
				IPHONEOS_DEPLOYMENT_TARGET = 17.0;
				MACOSX_DEPLOYMENT_TARGET = 14.0;
				MTL_ENABLE_DEBUG_INFO = NO;
				MTL_FAST_MATH = YES;
				SUPPORTED_PLATFORMS = macosx;
				SUPPORTS_MACCATALYST = YES;
				SWIFT_COMPILATION_MODE = wholemodule;
				SWIFT_OPTIMIZATION_LEVEL = "-O";
				XROS_DEPLOYMENT_TARGET = 1.0;
			};
			name = Release;
		};
		129833E829B424D600D746DC /* Debug */ = {
			isa = XCBuildConfiguration;
			buildSettings = {
				ALLOW_TARGET_PLATFORM_SPECIALIZATION = YES;
				ASSETCATALOG_COMPILER_APPICON_NAME = AppIcon;
				ASSETCATALOG_COMPILER_GLOBAL_ACCENT_COLOR_NAME = AccentColor;
				CODE_SIGN_ENTITLEMENTS = Scheduler/Scheduler.entitlements;
				"CODE_SIGN_IDENTITY[sdk=macosx*]" = "Apple Development";
				CODE_SIGN_STYLE = Automatic;
				CURRENT_PROJECT_VERSION = 32;
				DEAD_CODE_STRIPPING = YES;
				DEVELOPMENT_ASSET_PATHS = "\"Scheduler/Preview Content\"";
				DEVELOPMENT_TEAM = W98QTWY44A;
				ENABLE_HARDENED_RUNTIME = YES;
				ENABLE_PREVIEWS = YES;
				GENERATE_INFOPLIST_FILE = YES;
				INFOPLIST_FILE = Scheduler/Info.plist;
				INFOPLIST_KEY_CFBundleDisplayName = Scheduler;
				INFOPLIST_KEY_LSApplicationCategoryType = "public.app-category.education";
				"INFOPLIST_KEY_UIApplicationSceneManifest_Generation[sdk=iphoneos*]" = YES;
				"INFOPLIST_KEY_UIApplicationSceneManifest_Generation[sdk=iphonesimulator*]" = YES;
				"INFOPLIST_KEY_UIApplicationSupportsIndirectInputEvents[sdk=iphoneos*]" = YES;
				"INFOPLIST_KEY_UIApplicationSupportsIndirectInputEvents[sdk=iphonesimulator*]" = YES;
				"INFOPLIST_KEY_UILaunchScreen_Generation[sdk=iphoneos*]" = YES;
				"INFOPLIST_KEY_UILaunchScreen_Generation[sdk=iphonesimulator*]" = YES;
				"INFOPLIST_KEY_UIStatusBarStyle[sdk=iphoneos*]" = UIStatusBarStyleDefault;
				"INFOPLIST_KEY_UIStatusBarStyle[sdk=iphonesimulator*]" = UIStatusBarStyleDefault;
				INFOPLIST_KEY_UISupportedInterfaceOrientations = UIInterfaceOrientationPortrait;
				INFOPLIST_KEY_UISupportedInterfaceOrientations_iPad = "UIInterfaceOrientationLandscapeLeft UIInterfaceOrientationLandscapeRight UIInterfaceOrientationPortrait UIInterfaceOrientationPortraitUpsideDown";
				IPHONEOS_DEPLOYMENT_TARGET = 17.0;
				LD_RUNPATH_SEARCH_PATHS = "@executable_path/Frameworks";
				"LD_RUNPATH_SEARCH_PATHS[sdk=macosx*]" = "@executable_path/../Frameworks";
				MACOSX_DEPLOYMENT_TARGET = 14.0;
				MARKETING_VERSION = 2.3;
				PRODUCT_BUNDLE_IDENTIFIER = "James-Chang.Scheduler";
				PRODUCT_NAME = "$(TARGET_NAME)";
				SDKROOT = auto;
				SUPPORTED_PLATFORMS = "iphoneos iphonesimulator macosx xros xrsimulator";
				SUPPORTS_MACCATALYST = NO;
				SUPPORTS_MAC_DESIGNED_FOR_IPHONE_IPAD = NO;
				SUPPORTS_XR_DESIGNED_FOR_IPHONE_IPAD = NO;
				SWIFT_EMIT_LOC_STRINGS = YES;
				SWIFT_VERSION = 5.0;
				TARGETED_DEVICE_FAMILY = "1,2,7";
			};
			name = Debug;
		};
		129833E929B424D600D746DC /* Release */ = {
			isa = XCBuildConfiguration;
			buildSettings = {
				ALLOW_TARGET_PLATFORM_SPECIALIZATION = YES;
				ASSETCATALOG_COMPILER_APPICON_NAME = AppIcon;
				ASSETCATALOG_COMPILER_GLOBAL_ACCENT_COLOR_NAME = AccentColor;
				CODE_SIGN_ENTITLEMENTS = Scheduler/SchedulerRelease.entitlements;
				"CODE_SIGN_IDENTITY[sdk=macosx*]" = "Apple Development";
				CODE_SIGN_STYLE = Automatic;
				CURRENT_PROJECT_VERSION = 32;
				DEAD_CODE_STRIPPING = YES;
				DEVELOPMENT_ASSET_PATHS = "\"Scheduler/Preview Content\"";
				DEVELOPMENT_TEAM = W98QTWY44A;
				ENABLE_HARDENED_RUNTIME = YES;
				ENABLE_PREVIEWS = YES;
				GENERATE_INFOPLIST_FILE = YES;
				INFOPLIST_FILE = Scheduler/Info.plist;
				INFOPLIST_KEY_CFBundleDisplayName = Scheduler;
				INFOPLIST_KEY_LSApplicationCategoryType = "public.app-category.education";
				"INFOPLIST_KEY_NSHumanReadableCopyright[sdk=*]" = "Copyright © 2024 James Chang.\\nAll Rights Reserved";
				"INFOPLIST_KEY_UIApplicationSceneManifest_Generation[sdk=iphoneos*]" = YES;
				"INFOPLIST_KEY_UIApplicationSceneManifest_Generation[sdk=iphonesimulator*]" = YES;
				"INFOPLIST_KEY_UIApplicationSupportsIndirectInputEvents[sdk=iphoneos*]" = YES;
				"INFOPLIST_KEY_UIApplicationSupportsIndirectInputEvents[sdk=iphonesimulator*]" = YES;
				"INFOPLIST_KEY_UILaunchScreen_Generation[sdk=iphoneos*]" = YES;
				"INFOPLIST_KEY_UILaunchScreen_Generation[sdk=iphonesimulator*]" = YES;
				"INFOPLIST_KEY_UIStatusBarStyle[sdk=iphoneos*]" = UIStatusBarStyleDefault;
				"INFOPLIST_KEY_UIStatusBarStyle[sdk=iphonesimulator*]" = UIStatusBarStyleDefault;
				INFOPLIST_KEY_UISupportedInterfaceOrientations = UIInterfaceOrientationPortrait;
				INFOPLIST_KEY_UISupportedInterfaceOrientations_iPad = "UIInterfaceOrientationLandscapeLeft UIInterfaceOrientationLandscapeRight UIInterfaceOrientationPortrait UIInterfaceOrientationPortraitUpsideDown";
				IPHONEOS_DEPLOYMENT_TARGET = 17.0;
				LD_RUNPATH_SEARCH_PATHS = "@executable_path/Frameworks";
				"LD_RUNPATH_SEARCH_PATHS[sdk=macosx*]" = "@executable_path/../Frameworks";
				MACOSX_DEPLOYMENT_TARGET = 14.0;
				MARKETING_VERSION = 2.3;
				PRODUCT_BUNDLE_IDENTIFIER = "James-Chang.Scheduler";
				PRODUCT_NAME = "$(TARGET_NAME)";
				SDKROOT = auto;
				SUPPORTED_PLATFORMS = "iphoneos iphonesimulator macosx xros xrsimulator";
				SUPPORTS_MACCATALYST = NO;
				SUPPORTS_MAC_DESIGNED_FOR_IPHONE_IPAD = NO;
				SUPPORTS_XR_DESIGNED_FOR_IPHONE_IPAD = NO;
				SWIFT_EMIT_LOC_STRINGS = YES;
				SWIFT_VERSION = 5.0;
				TARGETED_DEVICE_FAMILY = "1,2,7";
			};
			name = Release;
		};
/* End XCBuildConfiguration section */

/* Begin XCConfigurationList section */
		129833BD29B424D500D746DC /* Build configuration list for PBXProject "Scheduler" */ = {
			isa = XCConfigurationList;
			buildConfigurations = (
				129833E529B424D600D746DC /* Debug */,
				129833E629B424D600D746DC /* Release */,
			);
			defaultConfigurationIsVisible = 0;
			defaultConfigurationName = Release;
		};
		129833E729B424D600D746DC /* Build configuration list for PBXNativeTarget "Scheduler" */ = {
			isa = XCConfigurationList;
			buildConfigurations = (
				129833E829B424D600D746DC /* Debug */,
				129833E929B424D600D746DC /* Release */,
			);
			defaultConfigurationIsVisible = 0;
			defaultConfigurationName = Release;
		};
/* End XCConfigurationList section */

/* Begin XCRemoteSwiftPackageReference section */
		12FA805E2ABFE719004B5787 /* XCRemoteSwiftPackageReference "swiftui-introspect" */ = {
			isa = XCRemoteSwiftPackageReference;
			repositoryURL = "https://github.com/siteline/swiftui-introspect";
			requirement = {
				kind = upToNextMajorVersion;
				minimumVersion = 1.0.0;
			};
		};
/* End XCRemoteSwiftPackageReference section */

/* Begin XCSwiftPackageProductDependency section */
		1230F9AE2ABDCA4200A70CF3 /* SwiftUIIntrospect */ = {
			isa = XCSwiftPackageProductDependency;
			productName = SwiftUIIntrospect;
		};
		12FA805F2ABFE719004B5787 /* SwiftUIIntrospect */ = {
			isa = XCSwiftPackageProductDependency;
			package = 12FA805E2ABFE719004B5787 /* XCRemoteSwiftPackageReference "swiftui-introspect" */;
			productName = SwiftUIIntrospect;
		};
/* End XCSwiftPackageProductDependency section */
	};
	rootObject = 129833BA29B424D500D746DC /* Project object */;
}
